{
  "name": "SOEN390_Team13",
  "lockfileVersion": 2,
  "requires": true,
  "packages": {
    "": {
      "dependencies": {
        "@types/react": "^18.0.27"
      },
      "devDependencies": {
        "@types/react-native-vector-icons": "^6.4.13"
      }
    },
    "node_modules/@types/prop-types": {
      "version": "15.7.5",
      "resolved": "https://registry.npmjs.org/@types/prop-types/-/prop-types-15.7.5.tgz",
      "integrity": "sha512-JCB8C6SnDoQf0cNycqd/35A7MjcnK+ZTqE7judS6o7utxUCg6imJg3QK2qzHKszlTjcj2cn+NwMB2i96ubpj7w=="
    },
    "node_modules/@types/react": {
      "version": "18.0.37",
      "resolved": "https://registry.npmjs.org/@types/react/-/react-18.0.37.tgz",
      "integrity": "sha512-4yaZZtkRN3ZIQD3KSEwkfcik8s0SWV+82dlJot1AbGYHCzJkWP3ENBY6wYeDRmKZ6HkrgoGAmR2HqdwYGp6OEw==",
      "dependencies": {
        "@types/prop-types": "*",
        "@types/scheduler": "*",
        "csstype": "^3.0.2"
      }
    },
    "node_modules/@types/react-native": {
      "version": "0.70.13",
      "resolved": "https://registry.npmjs.org/@types/react-native/-/react-native-0.70.13.tgz",
      "integrity": "sha512-VnC/ny8Eynk3fvY4cnNKXpo/0zUhA2gO64RX51yzVofblOP6TR6jciga0kIjI4c+2eUyWNGrahmiolNm+QU6Cw==",
      "dev": true,
      "dependencies": {
        "@types/react": "*"
      }
    },
    "node_modules/@types/react-native-vector-icons": {
      "version": "6.4.13",
      "resolved": "https://registry.npmjs.org/@types/react-native-vector-icons/-/react-native-vector-icons-6.4.13.tgz",
      "integrity": "sha512-1PqFoKuXTSzMHwGMAr+REdYJBQAbe9xrww3ecZR0FsHcD1K+vGS/rxuAriL4rsI6+p69sZQjDzpEVAbDQcjSwA==",
      "dev": true,
      "dependencies": {
        "@types/react": "*",
        "@types/react-native": "^0.70"
      }
    },
    "node_modules/@types/scheduler": {
      "version": "0.16.3",
      "resolved": "https://registry.npmjs.org/@types/scheduler/-/scheduler-0.16.3.tgz",
      "integrity": "sha512-5cJ8CB4yAx7BH1oMvdU0Jh9lrEXyPkar6F9G/ERswkCuvP4KQZfZkSjcMbAICCpQTN4OuZn8tz0HiKv9TGZgrQ=="
    },
    "node_modules/csstype": {
      "version": "3.1.2",
      "resolved": "https://registry.npmjs.org/csstype/-/csstype-3.1.2.tgz",
      "integrity": "sha512-I7K1Uu0MBPzaFKg4nI5Q7Vs2t+3gWWW648spaF+Rg7pI9ds18Ugn+lvg4SHczUdKlHI5LWBXyqfS8+DufyBsgQ=="
    }
  },
  "dependencies": {
    "@types/prop-types": {
      "version": "15.7.5",
      "resolved": "https://registry.npmjs.org/@types/prop-types/-/prop-types-15.7.5.tgz",
      "integrity": "sha512-JCB8C6SnDoQf0cNycqd/35A7MjcnK+ZTqE7judS6o7utxUCg6imJg3QK2qzHKszlTjcj2cn+NwMB2i96ubpj7w=="
    },
    "@types/react": {
      "version": "18.0.37",
      "resolved": "https://registry.npmjs.org/@types/react/-/react-18.0.37.tgz",
      "integrity": "sha512-4yaZZtkRN3ZIQD3KSEwkfcik8s0SWV+82dlJot1AbGYHCzJkWP3ENBY6wYeDRmKZ6HkrgoGAmR2HqdwYGp6OEw==",
      "requires": {
        "@types/prop-types": "*",
        "@types/scheduler": "*",
        "csstype": "^3.0.2"
      }
    },
    "@types/react-native": {
      "version": "0.70.13",
      "resolved": "https://registry.npmjs.org/@types/react-native/-/react-native-0.70.13.tgz",
      "integrity": "sha512-VnC/ny8Eynk3fvY4cnNKXpo/0zUhA2gO64RX51yzVofblOP6TR6jciga0kIjI4c+2eUyWNGrahmiolNm+QU6Cw==",
      "dev": true,
      "requires": {
        "@types/react": "*"
      }
    },
    "@types/react-native-vector-icons": {
      "version": "6.4.13",
      "resolved": "https://registry.npmjs.org/@types/react-native-vector-icons/-/react-native-vector-icons-6.4.13.tgz",
      "integrity": "sha512-1PqFoKuXTSzMHwGMAr+REdYJBQAbe9xrww3ecZR0FsHcD1K+vGS/rxuAriL4rsI6+p69sZQjDzpEVAbDQcjSwA==",
      "dev": true,
      "requires": {
        "@types/react": "*",
        "@types/react-native": "^0.70"
      }
    },
    "@types/scheduler": {
      "version": "0.16.3",
      "resolved": "https://registry.npmjs.org/@types/scheduler/-/scheduler-0.16.3.tgz",
      "integrity": "sha512-5cJ8CB4yAx7BH1oMvdU0Jh9lrEXyPkar6F9G/ERswkCuvP4KQZfZkSjcMbAICCpQTN4OuZn8tz0HiKv9TGZgrQ=="
    },
    "csstype": {
      "version": "3.1.2",
      "resolved": "https://registry.npmjs.org/csstype/-/csstype-3.1.2.tgz",
      "integrity": "sha512-I7K1Uu0MBPzaFKg4nI5Q7Vs2t+3gWWW648spaF+Rg7pI9ds18Ugn+lvg4SHczUdKlHI5LWBXyqfS8+DufyBsgQ=="
    }
  }
}
